{
  "name": "@emergence/hologit",
  "version": "0.3.0",
  "lockfileVersion": 1,
  "requires": true,
  "dependencies": {
    "@iarna/toml": {
      "version": "2.0.0",
      "resolved": "https://registry.npmjs.org/@iarna/toml/-/toml-2.0.0.tgz",
      "integrity": "sha512-SPBKHUHvaFINuzmxFgtVC+Yj3w2qAzS3+gsm9M0M2NkbTGdL/xz3SKWUeyhrGNMJ7sb2l49BzdLbAKFq+5DIZw=="
    },
    "ansi-regex": {
      "version": "3.0.0",
      "resolved": "https://registry.npmjs.org/ansi-regex/-/ansi-regex-3.0.0.tgz",
      "integrity": "sha1-7QMXwyIGT3lGbAKWa922Bas32Zg="
    },
    "any-promise": {
      "version": "1.3.0",
      "resolved": "https://registry.npmjs.org/any-promise/-/any-promise-1.3.0.tgz",
      "integrity": "sha1-q8av7tzqUugJzcA3au0845Y10X8="
    },
    "async": {
      "version": "1.0.0",
      "resolved": "https://registry.npmjs.org/async/-/async-1.0.0.tgz",
      "integrity": "sha1-+PwEyjoTeErenhZBr5hXjPvWR6k="
    },
    "balanced-match": {
      "version": "1.0.0",
      "resolved": "https://registry.npmjs.org/balanced-match/-/balanced-match-1.0.0.tgz",
      "integrity": "sha1-ibTRmasr7kneFk6gK4nORi1xt2c="
    },
    "brace-expansion": {
      "version": "1.1.11",
      "resolved": "https://registry.npmjs.org/brace-expansion/-/brace-expansion-1.1.11.tgz",
      "integrity": "sha512-iCuPHDFgrHX7H2vEI/5xpz07zSHB00TpugqhmYtVmMO6518mCuRMoOYFldEBl0g187ufozdaHgWKcYFb61qGiA==",
      "requires": {
        "balanced-match": "1.0.0",
        "concat-map": "0.0.1"
      }
    },
    "bser": {
      "version": "2.0.0",
      "resolved": "https://registry.npmjs.org/bser/-/bser-2.0.0.tgz",
      "integrity": "sha1-mseNPtXZFYBP2HrLFYvHlxR6Fxk=",
      "requires": {
        "node-int64": "0.4.0"
      }
    },
    "camelcase": {
      "version": "4.1.0",
      "resolved": "https://registry.npmjs.org/camelcase/-/camelcase-4.1.0.tgz",
      "integrity": "sha1-1UVjW+HjPFQmScaRc+Xeas+uNN0="
    },
    "cliui": {
      "version": "4.1.0",
      "resolved": "https://registry.npmjs.org/cliui/-/cliui-4.1.0.tgz",
      "integrity": "sha512-4FG+RSG9DL7uEwRUZXZn3SS34DiDPfzP0VOiEwtUWlE+AR2EIg+hSyvrIgUUfhdgR/UkAeW2QHgeP+hWrXs7jQ==",
      "requires": {
        "string-width": "2.1.1",
        "strip-ansi": "4.0.0",
        "wrap-ansi": "2.1.0"
      }
    },
    "code-point-at": {
      "version": "1.1.0",
      "resolved": "https://registry.npmjs.org/code-point-at/-/code-point-at-1.1.0.tgz",
      "integrity": "sha1-DQcLTQQ6W+ozovGkDi7bPZpMz3c="
    },
    "colors": {
      "version": "1.0.3",
      "resolved": "https://registry.npmjs.org/colors/-/colors-1.0.3.tgz",
      "integrity": "sha1-BDP0TYCWgP3rYO0mDxsMJi6CpAs="
    },
    "concat-map": {
      "version": "0.0.1",
      "resolved": "https://registry.npmjs.org/concat-map/-/concat-map-0.0.1.tgz",
      "integrity": "sha1-2Klr13/Wjfd5OnMDajug1UBdR3s="
    },
    "cross-spawn": {
      "version": "5.1.0",
      "resolved": "https://registry.npmjs.org/cross-spawn/-/cross-spawn-5.1.0.tgz",
      "integrity": "sha1-6L0O/uWPz/b4+UUQoKVUu/ojVEk=",
      "requires": {
        "lru-cache": "4.1.3",
        "shebang-command": "1.2.0",
        "which": "1.3.1"
      }
    },
    "cycle": {
      "version": "1.0.3",
      "resolved": "https://registry.npmjs.org/cycle/-/cycle-1.0.3.tgz",
      "integrity": "sha1-IegLK+hYD5i0aPN5QwZisEbDStI="
    },
    "decamelize": {
      "version": "1.2.0",
      "resolved": "https://registry.npmjs.org/decamelize/-/decamelize-1.2.0.tgz",
      "integrity": "sha1-9lNNFRSCabIDUue+4m9QH5oZEpA="
    },
    "execa": {
      "version": "0.7.0",
      "resolved": "https://registry.npmjs.org/execa/-/execa-0.7.0.tgz",
      "integrity": "sha1-lEvs00zEHuMqY6n68nrVpl/Fl3c=",
      "requires": {
        "cross-spawn": "5.1.0",
        "get-stream": "3.0.0",
        "is-stream": "1.1.0",
        "npm-run-path": "2.0.2",
        "p-finally": "1.0.0",
        "signal-exit": "3.0.2",
        "strip-eof": "1.0.0"
      }
    },
    "eyes": {
      "version": "0.1.8",
      "resolved": "https://registry.npmjs.org/eyes/-/eyes-0.1.8.tgz",
      "integrity": "sha1-Ys8SAjTGg3hdkCNIqADvPgzCC8A="
    },
    "fb-watchman": {
      "version": "2.0.0",
      "resolved": "https://registry.npmjs.org/fb-watchman/-/fb-watchman-2.0.0.tgz",
      "integrity": "sha1-VOmr99+i8mzZsWNsWIwa/AXeXVg=",
      "requires": {
        "bser": "2.0.0"
      }
    },
    "find-up": {
      "version": "2.1.0",
      "resolved": "https://registry.npmjs.org/find-up/-/find-up-2.1.0.tgz",
      "integrity": "sha1-RdG35QbHF93UgndaK3eSCjwMV6c=",
      "requires": {
        "locate-path": "2.0.0"
      }
    },
    "get-caller-file": {
      "version": "1.0.3",
      "resolved": "https://registry.npmjs.org/get-caller-file/-/get-caller-file-1.0.3.tgz",
      "integrity": "sha512-3t6rVToeoZfYSGd8YoLFR2DJkiQrIiUrGcjvFX2mDw3bn6k2OtwHN0TNCLbBO+w8qTvimhDkv+LSscbJY1vE6w=="
    },
    "get-stream": {
      "version": "3.0.0",
      "resolved": "https://registry.npmjs.org/get-stream/-/get-stream-3.0.0.tgz",
      "integrity": "sha1-jpQ9E1jcN1VQVOy+LtsFqhdO3hQ="
    },
    "git-client": {
      "version": "1.0.4",
      "resolved": "https://registry.npmjs.org/git-client/-/git-client-1.0.4.tgz",
      "integrity": "sha512-bziMNP7zXFs7VBrylq3dfFriDfrsEED5VAbu0TlfANFFcH5en7iJisbVs5ZrMSWetm5x9gMy/besGpJLH8oRiw==",
      "requires": {
        "mz": "2.7.0",
        "semver": "5.5.0"
      }
    },
    "invert-kv": {
      "version": "1.0.0",
      "resolved": "https://registry.npmjs.org/invert-kv/-/invert-kv-1.0.0.tgz",
      "integrity": "sha1-EEqOSqym09jNFXqO+L+rLXo//bY="
    },
    "is-fullwidth-code-point": {
      "version": "2.0.0",
      "resolved": "https://registry.npmjs.org/is-fullwidth-code-point/-/is-fullwidth-code-point-2.0.0.tgz",
      "integrity": "sha1-o7MKXE8ZkYMWeqq5O+764937ZU8="
    },
    "is-stream": {
      "version": "1.1.0",
      "resolved": "https://registry.npmjs.org/is-stream/-/is-stream-1.1.0.tgz",
      "integrity": "sha1-EtSj3U5o4Lec6428hBc66A2RykQ="
    },
    "isexe": {
      "version": "2.0.0",
      "resolved": "https://registry.npmjs.org/isexe/-/isexe-2.0.0.tgz",
      "integrity": "sha1-6PvzdNxVb/iUehDcsFctYz8s+hA="
    },
    "isstream": {
      "version": "0.1.2",
      "resolved": "https://registry.npmjs.org/isstream/-/isstream-0.1.2.tgz",
      "integrity": "sha1-R+Y/evVa+m+S4VAOaQ64uFKcCZo="
    },
    "lcid": {
      "version": "1.0.0",
      "resolved": "https://registry.npmjs.org/lcid/-/lcid-1.0.0.tgz",
      "integrity": "sha1-MIrMr6C8SDo4Z7S28rlQYlHRuDU=",
      "requires": {
        "invert-kv": "1.0.0"
      }
    },
    "locate-path": {
      "version": "2.0.0",
      "resolved": "https://registry.npmjs.org/locate-path/-/locate-path-2.0.0.tgz",
      "integrity": "sha1-K1aLJl7slExtnA3pw9u7ygNUzY4=",
      "requires": {
        "p-locate": "2.0.0",
        "path-exists": "3.0.0"
      }
    },
    "lru-cache": {
      "version": "4.1.3",
      "resolved": "https://registry.npmjs.org/lru-cache/-/lru-cache-4.1.3.tgz",
      "integrity": "sha512-fFEhvcgzuIoJVUF8fYr5KR0YqxD238zgObTps31YdADwPPAp82a4M8TrckkWyx7ekNlf9aBcVn81cFwwXngrJA==",
      "requires": {
        "pseudomap": "1.0.2",
        "yallist": "2.1.2"
      }
    },
    "mem": {
      "version": "1.1.0",
      "resolved": "https://registry.npmjs.org/mem/-/mem-1.1.0.tgz",
      "integrity": "sha1-Xt1StIXKHZAP5kiVUFOZoN+kX3Y=",
      "requires": {
        "mimic-fn": "1.2.0"
      }
    },
    "mimic-fn": {
      "version": "1.2.0",
      "resolved": "https://registry.npmjs.org/mimic-fn/-/mimic-fn-1.2.0.tgz",
      "integrity": "sha512-jf84uxzwiuiIVKiOLpfYk7N46TSy8ubTonmneY9vrpHNAnp0QBt2BxWV9dO3/j+BoVAb+a5G6YDPW3M5HOdMWQ=="
    },
    "minimatch": {
      "version": "3.0.4",
      "resolved": "https://registry.npmjs.org/minimatch/-/minimatch-3.0.4.tgz",
      "integrity": "sha512-yJHVQEhyqPLUTgt9B83PXu6W3rx4MvvHvSUvToogpwoGDOUQ+yDrR0HRot+yOCdCO7u4hX3pWft6kWBBcqh0UA==",
      "requires": {
        "brace-expansion": "1.1.11"
      }
    },
    "mz": {
      "version": "2.7.0",
      "resolved": "https://registry.npmjs.org/mz/-/mz-2.7.0.tgz",
      "integrity": "sha512-z81GNO7nnYMEhrGh9LeymoE4+Yr0Wn5McHIZMK5cfQCl+NDX08sCZgUc9/6MHni9IWuFLm1Z3HTCXu2z9fN62Q==",
      "requires": {
        "any-promise": "1.3.0",
        "object-assign": "4.1.1",
        "thenify-all": "1.6.0"
      }
    },
    "node-int64": {
      "version": "0.4.0",
      "resolved": "https://registry.npmjs.org/node-int64/-/node-int64-0.4.0.tgz",
      "integrity": "sha1-h6kGXNs1XTGC2PlM4RGIuCXGijs="
    },
    "npm-run-path": {
      "version": "2.0.2",
      "resolved": "https://registry.npmjs.org/npm-run-path/-/npm-run-path-2.0.2.tgz",
      "integrity": "sha1-NakjLfo11wZ7TLLd8jV7GHFTbF8=",
      "requires": {
        "path-key": "2.0.1"
      }
    },
    "number-is-nan": {
      "version": "1.0.1",
      "resolved": "https://registry.npmjs.org/number-is-nan/-/number-is-nan-1.0.1.tgz",
      "integrity": "sha1-CXtgK1NCKlIsGvuHkDGDNpQaAR0="
    },
    "object-assign": {
      "version": "4.1.1",
      "resolved": "https://registry.npmjs.org/object-assign/-/object-assign-4.1.1.tgz",
      "integrity": "sha1-IQmtx5ZYh8/AXLvUQsrIv7s2CGM="
    },
    "os-locale": {
      "version": "2.1.0",
      "resolved": "https://registry.npmjs.org/os-locale/-/os-locale-2.1.0.tgz",
      "integrity": "sha512-3sslG3zJbEYcaC4YVAvDorjGxc7tv6KVATnLPZONiljsUncvihe9BQoVCEs0RZ1kmf4Hk9OBqlZfJZWI4GanKA==",
      "requires": {
        "execa": "0.7.0",
        "lcid": "1.0.0",
        "mem": "1.1.0"
      }
    },
    "p-finally": {
      "version": "1.0.0",
      "resolved": "https://registry.npmjs.org/p-finally/-/p-finally-1.0.0.tgz",
      "integrity": "sha1-P7z7FbiZpEEjs0ttzBi3JDNqLK4="
    },
    "p-limit": {
      "version": "1.3.0",
      "resolved": "https://registry.npmjs.org/p-limit/-/p-limit-1.3.0.tgz",
      "integrity": "sha512-vvcXsLAJ9Dr5rQOPk7toZQZJApBl2K4J6dANSsEuh6QI41JYcsS/qhTGa9ErIUUgK3WNQoJYvylxvjqmiqEA9Q==",
      "requires": {
        "p-try": "1.0.0"
      }
    },
    "p-locate": {
      "version": "2.0.0",
      "resolved": "https://registry.npmjs.org/p-locate/-/p-locate-2.0.0.tgz",
      "integrity": "sha1-IKAQOyIqcMj9OcwuWAaA893l7EM=",
      "requires": {
        "p-limit": "1.3.0"
      }
    },
    "p-try": {
      "version": "1.0.0",
      "resolved": "https://registry.npmjs.org/p-try/-/p-try-1.0.0.tgz",
      "integrity": "sha1-y8ec26+P1CKOE/Yh8rGiN8GyB7M="
    },
    "path-exists": {
      "version": "3.0.0",
      "resolved": "https://registry.npmjs.org/path-exists/-/path-exists-3.0.0.tgz",
      "integrity": "sha1-zg6+ql94yxiSXqfYENe1mwEP1RU="
    },
    "path-key": {
      "version": "2.0.1",
      "resolved": "https://registry.npmjs.org/path-key/-/path-key-2.0.1.tgz",
      "integrity": "sha1-QRyttXTFoUDTpLGRDUDYDMn0C0A="
    },
    "pseudomap": {
      "version": "1.0.2",
      "resolved": "https://registry.npmjs.org/pseudomap/-/pseudomap-1.0.2.tgz",
      "integrity": "sha1-8FKijacOYYkX7wqKw0wa5aaChrM="
    },
    "require-directory": {
      "version": "2.1.1",
      "resolved": "https://registry.npmjs.org/require-directory/-/require-directory-2.1.1.tgz",
      "integrity": "sha1-jGStX9MNqxyXbiNE/+f3kqam30I="
    },
    "require-main-filename": {
      "version": "1.0.1",
      "resolved": "https://registry.npmjs.org/require-main-filename/-/require-main-filename-1.0.1.tgz",
      "integrity": "sha1-l/cXtp1IeE9fUmpsWqj/3aBVpNE="
    },
    "semver": {
      "version": "5.5.0",
      "resolved": "https://registry.npmjs.org/semver/-/semver-5.5.0.tgz",
      "integrity": "sha512-4SJ3dm0WAwWy/NVeioZh5AntkdJoWKxHxcmyP622fOkgHa4z3R0TdBJICINyaSDE6uNwVc8gZr+ZinwZAH4xIA=="
    },
    "set-blocking": {
      "version": "2.0.0",
      "resolved": "https://registry.npmjs.org/set-blocking/-/set-blocking-2.0.0.tgz",
      "integrity": "sha1-BF+XgtARrppoA93TgrJDkrPYkPc="
    },
    "shebang-command": {
      "version": "1.2.0",
      "resolved": "https://registry.npmjs.org/shebang-command/-/shebang-command-1.2.0.tgz",
      "integrity": "sha1-RKrGW2lbAzmJaMOfNj/uXer98eo=",
      "requires": {
        "shebang-regex": "1.0.0"
      }
    },
    "shebang-regex": {
      "version": "1.0.0",
      "resolved": "https://registry.npmjs.org/shebang-regex/-/shebang-regex-1.0.0.tgz",
      "integrity": "sha1-2kL0l0DAtC2yypcoVxyxkMmO/qM="
    },
    "signal-exit": {
      "version": "3.0.2",
      "resolved": "https://registry.npmjs.org/signal-exit/-/signal-exit-3.0.2.tgz",
      "integrity": "sha1-tf3AjxKH6hF4Yo5BXiUTK3NkbG0="
    },
    "stack-trace": {
      "version": "0.0.10",
      "resolved": "https://registry.npmjs.org/stack-trace/-/stack-trace-0.0.10.tgz",
      "integrity": "sha1-VHxws0fo0ytOEI6hoqFZ5f3eGcA="
    },
    "string-width": {
      "version": "2.1.1",
      "resolved": "https://registry.npmjs.org/string-width/-/string-width-2.1.1.tgz",
      "integrity": "sha512-nOqH59deCq9SRHlxq1Aw85Jnt4w6KvLKqWVik6oA9ZklXLNIOlqg4F2yrT1MVaTjAqvVwdfeZ7w7aCvJD7ugkw==",
      "requires": {
        "is-fullwidth-code-point": "2.0.0",
        "strip-ansi": "4.0.0"
      }
    },
    "strip-ansi": {
      "version": "4.0.0",
      "resolved": "https://registry.npmjs.org/strip-ansi/-/strip-ansi-4.0.0.tgz",
      "integrity": "sha1-qEeQIusaw2iocTibY1JixQXuNo8=",
      "requires": {
        "ansi-regex": "3.0.0"
      }
    },
    "strip-eof": {
      "version": "1.0.0",
      "resolved": "https://registry.npmjs.org/strip-eof/-/strip-eof-1.0.0.tgz",
      "integrity": "sha1-u0P/VZim6wXYm1n80SnJgzE2Br8="
    },
    "thenify": {
      "version": "3.3.0",
      "resolved": "https://registry.npmjs.org/thenify/-/thenify-3.3.0.tgz",
      "integrity": "sha1-5p44obq+lpsBCCB5eLn2K4hgSDk=",
      "requires": {
        "any-promise": "1.3.0"
      }
    },
    "thenify-all": {
      "version": "1.6.0",
      "resolved": "https://registry.npmjs.org/thenify-all/-/thenify-all-1.6.0.tgz",
      "integrity": "sha1-GhkY1ALY/D+Y+/I02wvMjMEOlyY=",
      "requires": {
        "thenify": "3.3.0"
      }
    },
    "toposort": {
      "version": "2.0.2",
      "resolved": "https://registry.npmjs.org/toposort/-/toposort-2.0.2.tgz",
      "integrity": "sha1-riF2gXXRVZ1IvvNUILL0li8JwzA="
    },
    "which": {
      "version": "1.3.1",
      "resolved": "https://registry.npmjs.org/which/-/which-1.3.1.tgz",
      "integrity": "sha512-HxJdYWq1MTIQbJ3nw0cqssHoTNU267KlrDuGZ1WYlxDStUtKUhOaJmh112/TZmHxxUfuJqPXSOm7tDyas0OSIQ==",
      "requires": {
        "isexe": "2.0.0"
      }
    },
    "which-module": {
      "version": "2.0.0",
      "resolved": "https://registry.npmjs.org/which-module/-/which-module-2.0.0.tgz",
      "integrity": "sha1-2e8H3Od7mQK4o6j6SzHD4/fm6Ho="
    },
    "winston": {
      "version": "2.4.3",
      "resolved": "https://registry.npmjs.org/winston/-/winston-2.4.3.tgz",
      "integrity": "sha512-GYKuysPz2pxYAVJD2NPsDLP5Z79SDEzPm9/j4tCjkF/n89iBNGBMJcR+dMUqxgPNgoSs6fVygPi+Vl2oxIpBuw==",
      "requires": {
        "async": "1.0.0",
        "colors": "1.0.3",
        "cycle": "1.0.3",
        "eyes": "0.1.8",
        "isstream": "0.1.2",
        "stack-trace": "0.0.10"
      }
    },
    "wrap-ansi": {
      "version": "2.1.0",
      "resolved": "https://registry.npmjs.org/wrap-ansi/-/wrap-ansi-2.1.0.tgz",
      "integrity": "sha1-2Pw9KE3QV5T+hJc8rs3Rz4JP3YU=",
      "requires": {
        "string-width": "1.0.2",
        "strip-ansi": "3.0.1"
      },
      "dependencies": {
        "ansi-regex": {
          "version": "2.1.1",
          "resolved": "https://registry.npmjs.org/ansi-regex/-/ansi-regex-2.1.1.tgz",
          "integrity": "sha1-w7M6te42DYbg5ijwRorn7yfWVN8="
        },
        "is-fullwidth-code-point": {
          "version": "1.0.0",
          "resolved": "https://registry.npmjs.org/is-fullwidth-code-point/-/is-fullwidth-code-point-1.0.0.tgz",
          "integrity": "sha1-754xOG8DGn8NZDr4L95QxFfvAMs=",
          "requires": {
            "number-is-nan": "1.0.1"
          }
        },
        "string-width": {
          "version": "1.0.2",
          "resolved": "https://registry.npmjs.org/string-width/-/string-width-1.0.2.tgz",
          "integrity": "sha1-EYvfW4zcUaKn5w0hHgfisLmxB9M=",
          "requires": {
            "code-point-at": "1.1.0",
            "is-fullwidth-code-point": "1.0.0",
            "strip-ansi": "3.0.1"
          }
        },
        "strip-ansi": {
          "version": "3.0.1",
          "resolved": "https://registry.npmjs.org/strip-ansi/-/strip-ansi-3.0.1.tgz",
          "integrity": "sha1-ajhfuIU9lS1f8F0Oiq+UJ43GPc8=",
          "requires": {
            "ansi-regex": "2.1.1"
          }
        }
      }
    },
    "y18n": {
      "version": "3.2.1",
      "resolved": "https://registry.npmjs.org/y18n/-/y18n-3.2.1.tgz",
      "integrity": "sha1-bRX7qITAhnnA136I53WegR4H+kE="
    },
    "yallist": {
      "version": "2.1.2",
      "resolved": "https://registry.npmjs.org/yallist/-/yallist-2.1.2.tgz",
      "integrity": "sha1-HBH5IY8HYImkfdUS+TxmmaaoHVI="
    },
    "yargs": {
      "version": "11.1.0",
      "resolved": "https://registry.npmjs.org/yargs/-/yargs-11.1.0.tgz",
      "integrity": "sha512-NwW69J42EsCSanF8kyn5upxvjp5ds+t3+udGBeTbFnERA+lF541DDpMawzo4z6W/QrzNM18D+BPMiOBibnFV5A==",
      "requires": {
        "cliui": "4.1.0",
        "decamelize": "1.2.0",
        "find-up": "2.1.0",
        "get-caller-file": "1.0.3",
        "os-locale": "2.1.0",
        "require-directory": "2.1.1",
        "require-main-filename": "1.0.1",
        "set-blocking": "2.0.0",
        "string-width": "2.1.1",
        "which-module": "2.0.0",
        "y18n": "3.2.1",
        "yargs-parser": "9.0.2"
      }
    },
    "yargs-parser": {
      "version": "9.0.2",
      "resolved": "https://registry.npmjs.org/yargs-parser/-/yargs-parser-9.0.2.tgz",
      "integrity": "sha1-nM9qQ0YP5O1Aqbto9I1DuKaMwHc=",
      "requires": {
        "camelcase": "4.1.0"
      }
    }
  }
}
