{
  "name": "hologit-actions-projector",
  "version": "1.0.0",
  "lockfileVersion": 1,
  "requires": true,
  "dependencies": {
    "@actions/core": {
      "version": "1.1.1",
      "resolved": "https://registry.npmjs.org/@actions/core/-/core-1.1.1.tgz",
      "integrity": "sha512-O5G6EmlzTVsng7VSpNtszIoQq6kOgMGNTFB/hmwKNNA4V71JyxImCIrL27vVHCt2Cb3ImkaCr6o27C2MV9Ylwg=="
    },
    "@actions/exec": {
      "version": "1.0.1",
      "resolved": "https://registry.npmjs.org/@actions/exec/-/exec-1.0.1.tgz",
      "integrity": "sha512-nvFkxwiicvpzNiCBF4wFBDfnBvi7xp/as7LE1hBxBxKG2L29+gkIPBiLKMVORL+Hg3JNf07AKRfl0V5djoypjQ=="
    },
    "@actions/io": {
      "version": "1.0.1",
      "resolved": "https://registry.npmjs.org/@actions/io/-/io-1.0.1.tgz",
      "integrity": "sha512-rhq+tfZukbtaus7xyUtwKfuiCRXd1hWSfmJNEpFgBQJ4woqPEpsBw04awicjwz9tyG2/MVhAEMfVn664Cri5zA=="
    },
    "habitat-action": {
      "version": "github:JarvusInnovations/habitat-action#5d1bb613bd844bf248aba481843a00d25f16f3a9",
      "from": "github:JarvusInnovations/habitat-action#master",
      "requires": {
        "@actions/core": "^1.1.1",
        "@actions/exec": "^1.0.1",
        "@actions/io": "^1.0.1"
      }
    }
  }
}
