{
  "name": "lens-container",
  "version": "1.0.0",
  "lockfileVersion": 3,
  "requires": true,
  "packages": {
    "": {
      "name": "lens-container",
      "version": "1.0.0",
      "dependencies": {
        "git-http-backend": "JarvusInnovations/git-http-backend#1.1.2"
      },
      "engines": {
        "node": ">=20.0.0"
      }
    },
    "node_modules/git-http-backend": {
      "version": "1.1.2",
      "resolved": "git+ssh://git@github.com/JarvusInnovations/git-http-backend.git#d02129fd80e6337f5aa9bbdc20418220ad936af5",
      "dependencies": {
        "git-side-band-message": "^0.0.3",
        "inherits": "^2.0.4"
      }
    },
    "node_modules/git-side-band-message": {
      "version": "0.0.3",
      "resolved": "https://registry.npmjs.org/git-side-band-message/-/git-side-band-message-0.0.3.tgz",
      "integrity": "sha512-4Rq4xm1+zqCkmuHxRbGdA5ActF7F4UfgK8uI0B7ZfSkByZfikRuF7mqHlvqmycvqos7jpXNkgsZK7DThLLHG3w=="
    },
    "node_modules/inherits": {
      "version": "2.0.4",
      "resolved": "https://registry.npmjs.org/inherits/-/inherits-2.0.4.tgz",
      "integrity": "sha512-k/vGaX4/Yla3WzyMCvTQOXYeIHvqOKtnqBduzTHpzpQZzAskKMhZ2K+EnBiSM9zGSoIFeMpXKxa4dYeZIQqewQ=="
    }
  }
}
